// !$*UTF8*$!
{
	archiveVersion = 1;
	classes = {
	};
	objectVersion = 50;
	objects = {

/* Begin PBXBuildFile section */
		7458310F248065230003D030 /* AppDelegate.swift in Sources */ = {isa = PBXBuildFile; fileRef = 7458310E248065230003D030 /* AppDelegate.swift */; };
		74583111248065230003D030 /* SceneDelegate.swift in Sources */ = {isa = PBXBuildFile; fileRef = 74583110248065230003D030 /* SceneDelegate.swift */; };
		74583113248065230003D030 /* ViewController.swift in Sources */ = {isa = PBXBuildFile; fileRef = 74583112248065230003D030 /* ViewController.swift */; };
		74583116248065230003D030 /* Main.storyboard in Resources */ = {isa = PBXBuildFile; fileRef = 74583114248065230003D030 /* Main.storyboard */; };
		74583118248065240003D030 /* Assets.xcassets in Resources */ = {isa = PBXBuildFile; fileRef = 74583117248065240003D030 /* Assets.xcassets */; };
		7458311B248065240003D030 /* LaunchScreen.storyboard in Resources */ = {isa = PBXBuildFile; fileRef = 74583119248065240003D030 /* LaunchScreen.storyboard */; };
		74E1455524806E4800D733B7 /* GoogleService-Info.plist in Resources */ = {isa = PBXBuildFile; fileRef = 74E1455424806E4800D733B7 /* GoogleService-Info.plist */; };
		9B9BA367B5907EC8A16BB5D9 /* Pods_BrewMail.framework in Frameworks */ = {isa = PBXBuildFile; fileRef = 7575D960F3451D7DE1B3B9F6 /* Pods_BrewMail.framework */; };
/* End PBXBuildFile section */

/* Begin PBXFileReference section */
		204A48C4A7B6635B5143DFE8 /* Pods-BrewMail.release.xcconfig */ = {isa = PBXFileReference; includeInIndex = 1; lastKnownFileType = text.xcconfig; name = "Pods-BrewMail.release.xcconfig"; path = "Target Support Files/Pods-BrewMail/Pods-BrewMail.release.xcconfig"; sourceTree = "<group>"; };
		70859F984E290D831DED602C /* Pods-BrewMail.debug.xcconfig */ = {isa = PBXFileReference; includeInIndex = 1; lastKnownFileType = text.xcconfig; name = "Pods-BrewMail.debug.xcconfig"; path = "Target Support Files/Pods-BrewMail/Pods-BrewMail.debug.xcconfig"; sourceTree = "<group>"; };
		7458310B248065230003D030 /* BrewMail.app */ = {isa = PBXFileReference; explicitFileType = wrapper.application; includeInIndex = 0; path = BrewMail.app; sourceTree = BUILT_PRODUCTS_DIR; };
		7458310E248065230003D030 /* AppDelegate.swift */ = {isa = PBXFileReference; lastKnownFileType = sourcecode.swift; path = AppDelegate.swift; sourceTree = "<group>"; };
		74583110248065230003D030 /* SceneDelegate.swift */ = {isa = PBXFileReference; lastKnownFileType = sourcecode.swift; path = SceneDelegate.swift; sourceTree = "<group>"; };
		74583112248065230003D030 /* ViewController.swift */ = {isa = PBXFileReference; lastKnownFileType = sourcecode.swift; path = ViewController.swift; sourceTree = "<group>"; };
		74583115248065230003D030 /* Base */ = {isa = PBXFileReference; lastKnownFileType = file.storyboard; name = Base; path = Base.lproj/Main.storyboard; sourceTree = "<group>"; };
		74583117248065240003D030 /* Assets.xcassets */ = {isa = PBXFileReference; lastKnownFileType = folder.assetcatalog; path = Assets.xcassets; sourceTree = "<group>"; };
		7458311A248065240003D030 /* Base */ = {isa = PBXFileReference; lastKnownFileType = file.storyboard; name = Base; path = Base.lproj/LaunchScreen.storyboard; sourceTree = "<group>"; };
		7458311C248065240003D030 /* Info.plist */ = {isa = PBXFileReference; lastKnownFileType = text.plist.xml; path = Info.plist; sourceTree = "<group>"; };
		74E1455424806E4800D733B7 /* GoogleService-Info.plist */ = {isa = PBXFileReference; fileEncoding = 4; lastKnownFileType = text.plist.xml; path = "GoogleService-Info.plist"; sourceTree = "<group>"; };
		7575D960F3451D7DE1B3B9F6 /* Pods_BrewMail.framework */ = {isa = PBXFileReference; explicitFileType = wrapper.framework; includeInIndex = 0; path = Pods_BrewMail.framework; sourceTree = BUILT_PRODUCTS_DIR; };
/* End PBXFileReference section */

/* Begin PBXFrameworksBuildPhase section */
		74583108248065230003D030 /* Frameworks */ = {
			isa = PBXFrameworksBuildPhase;
			buildActionMask = 2147483647;
			files = (
				9B9BA367B5907EC8A16BB5D9 /* Pods_BrewMail.framework in Frameworks */,
			);
			runOnlyForDeploymentPostprocessing = 0;
		};
/* End PBXFrameworksBuildPhase section */

/* Begin PBXGroup section */
		2767929300B0556C7FD5C489 /* Frameworks */ = {
			isa = PBXGroup;
			children = (
				7575D960F3451D7DE1B3B9F6 /* Pods_BrewMail.framework */,
			);
			name = Frameworks;
			sourceTree = "<group>";
		};
		5FD97A618A00C3766E2FF47B /* Pods */ = {
			isa = PBXGroup;
			children = (
				70859F984E290D831DED602C /* Pods-BrewMail.debug.xcconfig */,
				204A48C4A7B6635B5143DFE8 /* Pods-BrewMail.release.xcconfig */,
			);
			name = Pods;
			path = Pods;
			sourceTree = "<group>";
		};
		74583102248065230003D030 = {
			isa = PBXGroup;
			children = (
				7458310D248065230003D030 /* BrewMail */,
				7458310C248065230003D030 /* Products */,
				5FD97A618A00C3766E2FF47B /* Pods */,
				2767929300B0556C7FD5C489 /* Frameworks */,
			);
			sourceTree = "<group>";
		};
		7458310C248065230003D030 /* Products */ = {
			isa = PBXGroup;
			children = (
				7458310B248065230003D030 /* BrewMail.app */,
			);
			name = Products;
			sourceTree = "<group>";
		};
		7458310D248065230003D030 /* BrewMail */ = {
			isa = PBXGroup;
			children = (
				7458310E248065230003D030 /* AppDelegate.swift */,
				74583110248065230003D030 /* SceneDelegate.swift */,
				74583112248065230003D030 /* ViewController.swift */,
				74583114248065230003D030 /* Main.storyboard */,
				74583117248065240003D030 /* Assets.xcassets */,
				74583119248065240003D030 /* LaunchScreen.storyboard */,
				7458311C248065240003D030 /* Info.plist */,
				74E1455424806E4800D733B7 /* GoogleService-Info.plist */,
			);
			path = BrewMail;
			sourceTree = "<group>";
		};
/* End PBXGroup section */

/* Begin PBXNativeTarget section */
		7458310A248065230003D030 /* BrewMail */ = {
			isa = PBXNativeTarget;
			buildConfigurationList = 7458311F248065240003D030 /* Build configuration list for PBXNativeTarget "BrewMail" */;
			buildPhases = (
				8B5B1E6C22BED9E59919B9A0 /* [CP] Check Pods Manifest.lock */,
				74583107248065230003D030 /* Sources */,
				74583108248065230003D030 /* Frameworks */,
				74583109248065230003D030 /* Resources */,
				3B1A580BD036635D3F631B73 /* [CP] Embed Pods Frameworks */,
			);
			buildRules = (
			);
			dependencies = (
			);
			name = BrewMail;
			productName = BrewMail;
			productReference = 7458310B248065230003D030 /* BrewMail.app */;
			productType = "com.apple.product-type.application";
		};
/* End PBXNativeTarget section */

/* Begin PBXProject section */
		74583103248065230003D030 /* Project object */ = {
			isa = PBXProject;
			attributes = {
				LastSwiftUpdateCheck = 1150;
				LastUpgradeCheck = 1150;
				ORGANIZATIONNAME = "Chase Lancaster";
				TargetAttributes = {
					7458310A248065230003D030 = {
						CreatedOnToolsVersion = 11.5;
					};
				};
			};
			buildConfigurationList = 74583106248065230003D030 /* Build configuration list for PBXProject "BrewMail" */;
			compatibilityVersion = "Xcode 9.3";
			developmentRegion = en;
			hasScannedForEncodings = 0;
			knownRegions = (
				en,
				Base,
			);
			mainGroup = 74583102248065230003D030;
			productRefGroup = 7458310C248065230003D030 /* Products */;
			projectDirPath = "";
			projectRoot = "";
			targets = (
				7458310A248065230003D030 /* BrewMail */,
			);
		};
/* End PBXProject section */

/* Begin PBXResourcesBuildPhase section */
		74583109248065230003D030 /* Resources */ = {
			isa = PBXResourcesBuildPhase;
			buildActionMask = 2147483647;
			files = (
				7458311B248065240003D030 /* LaunchScreen.storyboard in Resources */,
				74E1455524806E4800D733B7 /* GoogleService-Info.plist in Resources */,
				74583118248065240003D030 /* Assets.xcassets in Resources */,
				74583116248065230003D030 /* Main.storyboard in Resources */,
			);
			runOnlyForDeploymentPostprocessing = 0;
		};
/* End PBXResourcesBuildPhase section */

/* Begin PBXShellScriptBuildPhase section */
		3B1A580BD036635D3F631B73 /* [CP] Embed Pods Frameworks */ = {
			isa = PBXShellScriptBuildPhase;
			buildActionMask = 2147483647;
			files = (
			);
			inputFileListPaths = (
				"${PODS_ROOT}/Target Support Files/Pods-BrewMail/Pods-BrewMail-frameworks-${CONFIGURATION}-input-files.xcfilelist",
			);
			name = "[CP] Embed Pods Frameworks";
			outputFileListPaths = (
				"${PODS_ROOT}/Target Support Files/Pods-BrewMail/Pods-BrewMail-frameworks-${CONFIGURATION}-output-files.xcfilelist",
			);
			runOnlyForDeploymentPostprocessing = 0;
			shellPath = /bin/sh;
			shellScript = "\"${PODS_ROOT}/Target Support Files/Pods-BrewMail/Pods-BrewMail-frameworks.sh\"\n";
			showEnvVarsInLog = 0;
		};
		8B5B1E6C22BED9E59919B9A0 /* [CP] Check Pods Manifest.lock */ = {
			isa = PBXShellScriptBuildPhase;
			buildActionMask = 2147483647;
			files = (
			);
			inputFileListPaths = (
			);
			inputPaths = (
				"${PODS_PODFILE_DIR_PATH}/Podfile.lock",
				"${PODS_ROOT}/Manifest.lock",
			);
			name = "[CP] Check Pods Manifest.lock";
			outputFileListPaths = (
			);
			outputPaths = (
				"$(DERIVED_FILE_DIR)/Pods-BrewMail-checkManifestLockResult.txt",
			);
			runOnlyForDeploymentPostprocessing = 0;
			shellPath = /bin/sh;
			shellScript = "diff \"${PODS_PODFILE_DIR_PATH}/Podfile.lock\" \"${PODS_ROOT}/Manifest.lock\" > /dev/null\nif [ $? != 0 ] ; then\n    # print error to STDERR\n    echo \"error: The sandbox is not in sync with the Podfile.lock. Run 'pod install' or update your CocoaPods installation.\" >&2\n    exit 1\nfi\n# This output is used by Xcode 'outputs' to avoid re-running this script phase.\necho \"SUCCESS\" > \"${SCRIPT_OUTPUT_FILE_0}\"\n";
			showEnvVarsInLog = 0;
		};
/* End PBXShellScriptBuildPhase section */

/* Begin PBXSourcesBuildPhase section */
		74583107248065230003D030 /* Sources */ = {
			isa = PBXSourcesBuildPhase;
			buildActionMask = 2147483647;
			files = (
				74583113248065230003D030 /* ViewController.swift in Sources */,
				7458310F248065230003D030 /* AppDelegate.swift in Sources */,
				74583111248065230003D030 /* SceneDelegate.swift in Sources */,
			);
			runOnlyForDeploymentPostprocessing = 0;
		};
/* End PBXSourcesBuildPhase section */

/* Begin PBXVariantGroup section */
		74583114248065230003D030 /* Main.storyboard */ = {
			isa = PBXVariantGroup;
			children = (
				74583115248065230003D030 /* Base */,
			);
			name = Main.storyboard;
			sourceTree = "<group>";
		};
		74583119248065240003D030 /* LaunchScreen.storyboard */ = {
			isa = PBXVariantGroup;
			children = (
				7458311A248065240003D030 /* Base */,
			);
			name = LaunchScreen.storyboard;
			sourceTree = "<group>";
		};
/* End PBXVariantGroup section */

/* Begin XCBuildConfiguration section */
		7458311D248065240003D030 /* Debug */ = {
			isa = XCBuildConfiguration;
			buildSettings = {
				ALWAYS_SEARCH_USER_PATHS = NO;
				CLANG_ANALYZER_NONNULL = YES;
				CLANG_ANALYZER_NUMBER_OBJECT_CONVERSION = YES_AGGRESSIVE;
				CLANG_CXX_LANGUAGE_STANDARD = "gnu++14";
				CLANG_CXX_LIBRARY = "libc++";
				CLANG_ENABLE_MODULES = YES;
				CLANG_ENABLE_OBJC_ARC = YES;
				CLANG_ENABLE_OBJC_WEAK = YES;
				CLANG_WARN_BLOCK_CAPTURE_AUTORELEASING = YES;
				CLANG_WARN_BOOL_CONVERSION = YES;
				CLANG_WARN_COMMA = YES;
				CLANG_WARN_CONSTANT_CONVERSION = YES;
				CLANG_WARN_DEPRECATED_OBJC_IMPLEMENTATIONS = YES;
				CLANG_WARN_DIRECT_OBJC_ISA_USAGE = YES_ERROR;
				CLANG_WARN_DOCUMENTATION_COMMENTS = YES;
				CLANG_WARN_EMPTY_BODY = YES;
				CLANG_WARN_ENUM_CONVERSION = YES;
				CLANG_WARN_INFINITE_RECURSION = YES;
				CLANG_WARN_INT_CONVERSION = YES;
				CLANG_WARN_NON_LITERAL_NULL_CONVERSION = YES;
				CLANG_WARN_OBJC_IMPLICIT_RETAIN_SELF = YES;
				CLANG_WARN_OBJC_LITERAL_CONVERSION = YES;
				CLANG_WARN_OBJC_ROOT_CLASS = YES_ERROR;
				CLANG_WARN_RANGE_LOOP_ANALYSIS = YES;
				CLANG_WARN_STRICT_PROTOTYPES = YES;
				CLANG_WARN_SUSPICIOUS_MOVE = YES;
				CLANG_WARN_UNGUARDED_AVAILABILITY = YES_AGGRESSIVE;
				CLANG_WARN_UNREACHABLE_CODE = YES;
				CLANG_WARN__DUPLICATE_METHOD_MATCH = YES;
				COPY_PHASE_STRIP = NO;
				DEBUG_INFORMATION_FORMAT = dwarf;
				ENABLE_STRICT_OBJC_MSGSEND = YES;
				ENABLE_TESTABILITY = YES;
				GCC_C_LANGUAGE_STANDARD = gnu11;
				GCC_DYNAMIC_NO_PIC = NO;
				GCC_NO_COMMON_BLOCKS = YES;
				GCC_OPTIMIZATION_LEVEL = 0;
				GCC_PREPROCESSOR_DEFINITIONS = (
					"DEBUG=1",
					"$(inherited)",
				);
				GCC_WARN_64_TO_32_BIT_CONVERSION = YES;
				GCC_WARN_ABOUT_RETURN_TYPE = YES_ERROR;
				GCC_WARN_UNDECLARED_SELECTOR = YES;
				GCC_WARN_UNINITIALIZED_AUTOS = YES_AGGRESSIVE;
				GCC_WARN_UNUSED_FUNCTION = YES;
				GCC_WARN_UNUSED_VARIABLE = YES;
				IPHONEOS_DEPLOYMENT_TARGET = 13.5;
				MTL_ENABLE_DEBUG_INFO = INCLUDE_SOURCE;
				MTL_FAST_MATH = YES;
				ONLY_ACTIVE_ARCH = YES;
				SDKROOT = iphoneos;
				SWIFT_ACTIVE_COMPILATION_CONDITIONS = DEBUG;
				SWIFT_OPTIMIZATION_LEVEL = "-Onone";
			};
			name = Debug;
		};
		7458311E248065240003D030 /* Release */ = {
			isa = XCBuildConfiguration;
			buildSettings = {
				ALWAYS_SEARCH_USER_PATHS = NO;
				CLANG_ANALYZER_NONNULL = YES;
				CLANG_ANALYZER_NUMBER_OBJECT_CONVERSION = YES_AGGRESSIVE;
				CLANG_CXX_LANGUAGE_STANDARD = "gnu++14";
				CLANG_CXX_LIBRARY = "libc++";
				CLANG_ENABLE_MODULES = YES;
				CLANG_ENABLE_OBJC_ARC = YES;
				CLANG_ENABLE_OBJC_WEAK = YES;
				CLANG_WARN_BLOCK_CAPTURE_AUTORELEASING = YES;
				CLANG_WARN_BOOL_CONVERSION = YES;
				CLANG_WARN_COMMA = YES;
				CLANG_WARN_CONSTANT_CONVERSION = YES;
				CLANG_WARN_DEPRECATED_OBJC_IMPLEMENTATIONS = YES;
				CLANG_WARN_DIRECT_OBJC_ISA_USAGE = YES_ERROR;
				CLANG_WARN_DOCUMENTATION_COMMENTS = YES;
				CLANG_WARN_EMPTY_BODY = YES;
				CLANG_WARN_ENUM_CONVERSION = YES;
				CLANG_WARN_INFINITE_RECURSION = YES;
				CLANG_WARN_INT_CONVERSION = YES;
				CLANG_WARN_NON_LITERAL_NULL_CONVERSION = YES;
				CLANG_WARN_OBJC_IMPLICIT_RETAIN_SELF = YES;
				CLANG_WARN_OBJC_LITERAL_CONVERSION = YES;
				CLANG_WARN_OBJC_ROOT_CLASS = YES_ERROR;
				CLANG_WARN_RANGE_LOOP_ANALYSIS = YES;
				CLANG_WARN_STRICT_PROTOTYPES = YES;
				CLANG_WARN_SUSPICIOUS_MOVE = YES;
				CLANG_WARN_UNGUARDED_AVAILABILITY = YES_AGGRESSIVE;
				CLANG_WARN_UNREACHABLE_CODE = YES;
				CLANG_WARN__DUPLICATE_METHOD_MATCH = YES;
				COPY_PHASE_STRIP = NO;
				DEBUG_INFORMATION_FORMAT = "dwarf-with-dsym";
				ENABLE_NS_ASSERTIONS = NO;
				ENABLE_STRICT_OBJC_MSGSEND = YES;
				GCC_C_LANGUAGE_STANDARD = gnu11;
				GCC_NO_COMMON_BLOCKS = YES;
				GCC_WARN_64_TO_32_BIT_CONVERSION = YES;
				GCC_WARN_ABOUT_RETURN_TYPE = YES_ERROR;
				GCC_WARN_UNDECLARED_SELECTOR = YES;
				GCC_WARN_UNINITIALIZED_AUTOS = YES_AGGRESSIVE;
				GCC_WARN_UNUSED_FUNCTION = YES;
				GCC_WARN_UNUSED_VARIABLE = YES;
				IPHONEOS_DEPLOYMENT_TARGET = 13.5;
				MTL_ENABLE_DEBUG_INFO = NO;
				MTL_FAST_MATH = YES;
				SDKROOT = iphoneos;
				SWIFT_COMPILATION_MODE = wholemodule;
				SWIFT_OPTIMIZATION_LEVEL = "-O";
				VALIDATE_PRODUCT = YES;
			};
			name = Release;
		};
		74583120248065240003D030 /* Debug */ = {
			isa = XCBuildConfiguration;
			baseConfigurationReference = 70859F984E290D831DED602C /* Pods-BrewMail.debug.xcconfig */;
			buildSettings = {
				ASSETCATALOG_COMPILER_APPICON_NAME = AppIcon;
				CODE_SIGN_STYLE = Automatic;
				DEVELOPMENT_TEAM = 6ZQMQZ38FC;
				INFOPLIST_FILE = BrewMail/Info.plist;
				LD_RUNPATH_SEARCH_PATHS = (
					"$(inherited)",
					"@executable_path/Frameworks",
				);
				PRODUCT_BUNDLE_IDENTIFIER = com.chaselancaster.BrewMail;
				PRODUCT_NAME = "$(TARGET_NAME)";
				SWIFT_VERSION = 5.0;
				TARGETED_DEVICE_FAMILY = 1;
			};
			name = Debug;
		};
		74583121248065240003D030 /* Release */ = {
			isa = XCBuildConfiguration;
			baseConfigurationReference = 204A48C4A7B6635B5143DFE8 /* Pods-BrewMail.release.xcconfig */;
			buildSettings = {
				ASSETCATALOG_COMPILER_APPICON_NAME = AppIcon;
				CODE_SIGN_STYLE = Automatic;
				DEVELOPMENT_TEAM = 6ZQMQZ38FC;
				INFOPLIST_FILE = BrewMail/Info.plist;
				LD_RUNPATH_SEARCH_PATHS = (
					"$(inherited)",
					"@executable_path/Frameworks",
				);
				PRODUCT_BUNDLE_IDENTIFIER = com.chaselancaster.BrewMail;
				PRODUCT_NAME = "$(TARGET_NAME)";
				SWIFT_VERSION = 5.0;
				TARGETED_DEVICE_FAMILY = 1;
			};
			name = Release;
		};
/* End XCBuildConfiguration section */

/* Begin XCConfigurationList section */
		74583106248065230003D030 /* Build configuration list for PBXProject "BrewMail" */ = {
			isa = XCConfigurationList;
			buildConfigurations = (
				7458311D248065240003D030 /* Debug */,
				7458311E248065240003D030 /* Release */,
			);
			defaultConfigurationIsVisible = 0;
			defaultConfigurationName = Release;
		};
		7458311F248065240003D030 /* Build configuration list for PBXNativeTarget "BrewMail" */ = {
			isa = XCConfigurationList;
			buildConfigurations = (
				74583120248065240003D030 /* Debug */,
				74583121248065240003D030 /* Release */,
			);
			defaultConfigurationIsVisible = 0;
			defaultConfigurationName = Release;
		};
/* End XCConfigurationList section */
	};
	rootObject = 74583103248065230003D030 /* Project object */;
}
